
Microsoft Visual Studio Solution File, Format Version 12.00
# Visual Studio Version 17
VisualStudioVersion = 17.4.33403.182
MinimumVisualStudioVersion = 10.0.40219.1
Project("{2150E333-8FDC-42A3-9474-1A3956D46DE8}") = "SingletonPattern", "SingletonPattern", "{CD94506A-ADF8-4583-A298-5AFD21B5D847}"
	ProjectSection(SolutionItems) = preProject
		SingletonPatternNotes.txt = SingletonPatternNotes.txt
	EndProjectSection
EndProject
Project("{FAE04EC0-301F-11D3-BF4B-00C04F79EFBC}") = "SingletonPattern-ConsoleExample", "SingletonPattern\SingletonPattern-ConsoleExample\SingletonPattern-ConsoleExample.csproj", "{A7C9C225-9BF4-4F6D-AA6A-F13967CA79C7}"
EndProject
Project("{FAE04EC0-301F-11D3-BF4B-00C04F79EFBC}") = "SingletonPattern-NetCoreExample", "SingletonPattern\SingletonPattern-NetCoreExample\SingletonPattern-NetCoreExample.csproj", "{76EFC7CB-842F-4864-B430-A9BCC6E5B659}"
EndProject
Project("{2150E333-8FDC-42A3-9474-1A3956D46DE8}") = "FactoryMethodPattern", "FactoryMethodPattern", "{AC4AD375-3C19-4861-BABB-4F59FE9002E8}"
	ProjectSection(SolutionItems) = preProject
		FactoryMethodNotes.txt = FactoryMethodNotes.txt
	EndProjectSection
EndProject
Project("{FAE04EC0-301F-11D3-BF4B-00C04F79EFBC}") = "FactoryMethodExample", "FactoryMethodPattern\FactoryMethodExample\FactoryMethodExample.csproj", "{5509987B-DFBE-436A-8420-DDCD1E1B4D89}"
EndProject
Project("{FAE04EC0-301F-11D3-BF4B-00C04F79EFBC}") = "FactoryExample", "FactoryMethodPattern\FactoryExample\FactoryExample.csproj", "{0AE969C1-6DE9-439F-86FA-5DBA0CD4CC53}"
EndProject
Project("{2150E333-8FDC-42A3-9474-1A3956D46DE8}") = "AbstractFactoryPattern", "AbstractFactoryPattern", "{519E6398-2122-4D01-9B75-747890373318}"
	ProjectSection(SolutionItems) = preProject
		AbstractFactoryPatternNotes.txt = AbstractFactoryPatternNotes.txt
	EndProjectSection
EndProject
Project("{FAE04EC0-301F-11D3-BF4B-00C04F79EFBC}") = "AbstractFactoryExample", "AbstractFactoryPattern\AbstractFactoryExample\AbstractFactoryExample.csproj", "{8EAFCB78-536D-4432-89B6-206E13D0D119}"
EndProject
Project("{FAE04EC0-301F-11D3-BF4B-00C04F79EFBC}") = "AbstractFactoryExamplePlusFactoryMethodPattern", "AbstractFactoryPattern\AbstractFactoryExamplePlusFactoryMethodPattern\AbstractFactoryExamplePlusFactoryMethodPattern.csproj", "{EC55F4B4-E1AF-4E7E-9D5C-291B5784BFD0}"
EndProject
Global
	GlobalSection(SolutionConfigurationPlatforms) = preSolution
		Debug|Any CPU = Debug|Any CPU
		Release|Any CPU = Release|Any CPU
	EndGlobalSection
	GlobalSection(ProjectConfigurationPlatforms) = postSolution
		{A7C9C225-9BF4-4F6D-AA6A-F13967CA79C7}.Debug|Any CPU.ActiveCfg = Debug|Any CPU
		{A7C9C225-9BF4-4F6D-AA6A-F13967CA79C7}.Debug|Any CPU.Build.0 = Debug|Any CPU
		{A7C9C225-9BF4-4F6D-AA6A-F13967CA79C7}.Release|Any CPU.ActiveCfg = Release|Any CPU
		{A7C9C225-9BF4-4F6D-AA6A-F13967CA79C7}.Release|Any CPU.Build.0 = Release|Any CPU
		{76EFC7CB-842F-4864-B430-A9BCC6E5B659}.Debug|Any CPU.ActiveCfg = Debug|Any CPU
		{76EFC7CB-842F-4864-B430-A9BCC6E5B659}.Debug|Any CPU.Build.0 = Debug|Any CPU
		{76EFC7CB-842F-4864-B430-A9BCC6E5B659}.Release|Any CPU.ActiveCfg = Release|Any CPU
		{76EFC7CB-842F-4864-B430-A9BCC6E5B659}.Release|Any CPU.Build.0 = Release|Any CPU
		{5509987B-DFBE-436A-8420-DDCD1E1B4D89}.Debug|Any CPU.ActiveCfg = Debug|Any CPU
		{5509987B-DFBE-436A-8420-DDCD1E1B4D89}.Debug|Any CPU.Build.0 = Debug|Any CPU
		{5509987B-DFBE-436A-8420-DDCD1E1B4D89}.Release|Any CPU.ActiveCfg = Release|Any CPU
		{5509987B-DFBE-436A-8420-DDCD1E1B4D89}.Release|Any CPU.Build.0 = Release|Any CPU
		{0AE969C1-6DE9-439F-86FA-5DBA0CD4CC53}.Debug|Any CPU.ActiveCfg = Debug|Any CPU
		{0AE969C1-6DE9-439F-86FA-5DBA0CD4CC53}.Debug|Any CPU.Build.0 = Debug|Any CPU
		{0AE969C1-6DE9-439F-86FA-5DBA0CD4CC53}.Release|Any CPU.ActiveCfg = Release|Any CPU
		{0AE969C1-6DE9-439F-86FA-5DBA0CD4CC53}.Release|Any CPU.Build.0 = Release|Any CPU
		{8EAFCB78-536D-4432-89B6-206E13D0D119}.Debug|Any CPU.ActiveCfg = Debug|Any CPU
		{8EAFCB78-536D-4432-89B6-206E13D0D119}.Debug|Any CPU.Build.0 = Debug|Any CPU
		{8EAFCB78-536D-4432-89B6-206E13D0D119}.Release|Any CPU.ActiveCfg = Release|Any CPU
		{8EAFCB78-536D-4432-89B6-206E13D0D119}.Release|Any CPU.Build.0 = Release|Any CPU
		{EC55F4B4-E1AF-4E7E-9D5C-291B5784BFD0}.Debug|Any CPU.ActiveCfg = Debug|Any CPU
		{EC55F4B4-E1AF-4E7E-9D5C-291B5784BFD0}.Debug|Any CPU.Build.0 = Debug|Any CPU
		{EC55F4B4-E1AF-4E7E-9D5C-291B5784BFD0}.Release|Any CPU.ActiveCfg = Release|Any CPU
		{EC55F4B4-E1AF-4E7E-9D5C-291B5784BFD0}.Release|Any CPU.Build.0 = Release|Any CPU
	EndGlobalSection
	GlobalSection(SolutionProperties) = preSolution
		HideSolutionNode = FALSE
	EndGlobalSection
	GlobalSection(NestedProjects) = preSolution
		{A7C9C225-9BF4-4F6D-AA6A-F13967CA79C7} = {CD94506A-ADF8-4583-A298-5AFD21B5D847}
		{76EFC7CB-842F-4864-B430-A9BCC6E5B659} = {CD94506A-ADF8-4583-A298-5AFD21B5D847}
		{5509987B-DFBE-436A-8420-DDCD1E1B4D89} = {AC4AD375-3C19-4861-BABB-4F59FE9002E8}
		{0AE969C1-6DE9-439F-86FA-5DBA0CD4CC53} = {AC4AD375-3C19-4861-BABB-4F59FE9002E8}
		{8EAFCB78-536D-4432-89B6-206E13D0D119} = {519E6398-2122-4D01-9B75-747890373318}
		{EC55F4B4-E1AF-4E7E-9D5C-291B5784BFD0} = {519E6398-2122-4D01-9B75-747890373318}
	EndGlobalSection
	GlobalSection(ExtensibilityGlobals) = postSolution
		SolutionGuid = {91CDBCC6-B36D-41C7-B151-359B5B82E486}
	EndGlobalSection
EndGlobal
